
Microsoft Visual Studio Solution File, Format Version 12.00
# Visual Studio Version 16
VisualStudioVersion = 16.0.32802.440
MinimumVisualStudioVersion = 10.0.40219.1
Project("{FAE04EC0-301F-11D3-BF4B-00C04F79EFBC}") = "ReposteriaProyecto", "ReposteriaProyecto\ReposteriaProyecto.csproj", "{2F658842-323F-496B-AE8C-2A8284616A30}"
EndProject
Global
	GlobalSection(SolutionConfigurationPlatforms) = preSolution
		Debug|Any CPU = Debug|Any CPU
		Release|Any CPU = Release|Any CPU
	EndGlobalSection
	GlobalSection(ProjectConfigurationPlatforms) = postSolution
		{2F658842-323F-496B-AE8C-2A8284616A30}.Debug|Any CPU.ActiveCfg = Debug|Any CPU
		{2F658842-323F-496B-AE8C-2A8284616A30}.Debug|Any CPU.Build.0 = Debug|Any CPU
		{2F658842-323F-496B-AE8C-2A8284616A30}.Release|Any CPU.ActiveCfg = Release|Any CPU
		{2F658842-323F-496B-AE8C-2A8284616A30}.Release|Any CPU.Build.0 = Release|Any CPU
	EndGlobalSection
	GlobalSection(SolutionProperties) = preSolution
		HideSolutionNode = FALSE
	EndGlobalSection
	GlobalSection(ExtensibilityGlobals) = postSolution
		SolutionGuid = {E9403331-DBE9-4C73-836C-722BC879AC33}
	EndGlobalSection
EndGlobal
